PODS:
  - AFNetworking (3.1.0):
    - AFNetworking/NSURLSession (= 3.1.0)
    - AFNetworking/Reachability (= 3.1.0)
    - AFNetworking/Security (= 3.1.0)
    - AFNetworking/Serialization (= 3.1.0)
    - AFNetworking/UIKit (= 3.1.0)
  - AFNetworking/NSURLSession (3.1.0):
    - AFNetworking/Reachability
    - AFNetworking/Security
    - AFNetworking/Serialization
  - AFNetworking/Reachability (3.1.0)
  - AFNetworking/Security (3.1.0)
  - AFNetworking/Serialization (3.1.0)
  - AFNetworking/UIKit (3.1.0):
    - AFNetworking/NSURLSession
  - IQKeyboardManager (6.4.0)
  - Masonry (1.0.2)
  - MJExtension (3.0.17)
  - MJRefresh (3.1.17)
  - SDCycleScrollView (1.80):
    - SDWebImage (>= 5.0.0)
  - SDWebImage (5.0.6):
    - SDWebImage/Core (= 5.0.6)
  - SDWebImage/Core (5.0.6)
  - TZImagePickerController (3.2.1)

DEPENDENCIES:
  - AFNetworking (= 3.1.0)
  - IQKeyboardManager
  - Masonry (~> 1.0.2)
  - MJExtension
  - MJRefresh (~> 3.1.12)
  - SDCycleScrollView (~> 1.66)
  - SDWebImage
  - TZImagePickerController

SPEC REPOS:
  https://github.com/cocoapods/specs.git:
    - AFNetworking
    - IQKeyboardManager
    - Masonry
    - MJExtension
    - MJRefresh
    - SDCycleScrollView
    - SDWebImage
    - TZImagePickerController

SPEC CHECKSUMS:
  AFNetworking: 5e0e199f73d8626b11e79750991f5d173d1f8b67
  IQKeyboardManager: fcef267266379c003181fc3592f6bdb8bf4db839
  Masonry: 7c429b56da9d4ee0bbb3ed77a5ea710d6a5df39e
  MJExtension: 74ec83124a68891619fb7ba9c5c811bbf1691076
  MJRefresh: ee5b68f639775462faba4db0fd243baf4d42c2cf
  SDCycleScrollView: b3c9a5ed840c771c4938978174c7c9d9feefeb96
  SDWebImage: 920f1a2ff1ca8296ad34f6e0510a1ef1d70ac965
  TZImagePickerController: bf4c57b98d8707fce41ea6be872414a71c7a8c9d

PODFILE CHECKSUM: a9e7373de9de15d1527a6ac0b930f8f583c8305f

COCOAPODS: 1.7.4
