PODS:
  - AFNetworking (3.1.0):
    - AFNetworking/NSURLSession (= 3.1.0)
    - AFNetworking/Reachability (= 3.1.0)
    - AFNetworking/Security (= 3.1.0)
    - AFNetworking/Serialization (= 3.1.0)
    - AFNetworking/UIKit (= 3.1.0)
  - AFNetworking/NSURLSession (3.1.0):
    - AFNetworking/Reachability
    - AFNetworking/Security
    - AFNetworking/Serialization
  - AFNetworking/Reachability (3.1.0)
  - AFNetworking/Security (3.1.0)
  - AFNetworking/Serialization (3.1.0)
  - AFNetworking/UIKit (3.1.0):
    - AFNetworking/NSURLSession
  - AMapFoundation-NO-IDFA (1.5.7)
  - AMapLocation-NO-IDFA (2.6.2):
    - AMapFoundation-NO-IDFA (~> 1.4)
  - IQKeyboardManager (6.4.0)
  - Masonry (1.0.2)
  - MJExtension (3.0.17)
  - MJRefresh (3.1.17)
  - SDCycleScrollView (1.80):
    - SDWebImage (>= 5.0.0)
  - SDWebImage (5.0.6):
    - SDWebImage/Core (= 5.0.6)
  - SDWebImage/Core (5.0.6)
  - TZImagePickerController (3.2.1)
  - UMCCommon (2.1.0)
  - UMCSecurityPlugins (1.0.6)
  - UMCShare/Core (6.9.6):
    - UMCCommon
  - UMCShare/Social/ReducedQQ (6.9.6):
    - UMCCommon
    - UMCShare/Core
  - UMCShare/Social/ReducedWeChat (6.9.6):
    - UMCCommon
    - UMCShare/Core
  - UMCShare/UI (6.9.6):
    - UMCCommon
    - UMCShare/Core
  - YTKNetwork (2.0.4):
    - AFNetworking (~> 3.0)

DEPENDENCIES:
  - AFNetworking (= 3.1.0)
  - AMapLocation-NO-IDFA
  - IQKeyboardManager
  - Masonry
  - MJExtension
  - MJRefresh (~> 3.1.12)
  - SDCycleScrollView (~> 1.66)
  - SDWebImage
  - TZImagePickerController
  - UMCCommon
  - UMCSecurityPlugins
  - UMCShare/Social/ReducedQQ
  - UMCShare/Social/ReducedWeChat
  - UMCShare/UI
  - YTKNetwork

SPEC REPOS:
  https://github.com/cocoapods/specs.git:
    - AFNetworking
    - AMapFoundation-NO-IDFA
    - AMapLocation-NO-IDFA
    - IQKeyboardManager
    - Masonry
    - MJExtension
    - MJRefresh
    - SDCycleScrollView
    - SDWebImage
    - TZImagePickerController
    - UMCCommon
    - UMCSecurityPlugins
    - UMCShare
    - YTKNetwork

SPEC CHECKSUMS:
  AFNetworking: 5e0e199f73d8626b11e79750991f5d173d1f8b67
  AMapFoundation-NO-IDFA: 9088085827c831811bb0fd3afd96b99963a7cf71
  AMapLocation-NO-IDFA: d7792c8c516f415e186f1bc25946f1a58ca6a583
  IQKeyboardManager: fcef267266379c003181fc3592f6bdb8bf4db839
  Masonry: 7c429b56da9d4ee0bbb3ed77a5ea710d6a5df39e
  MJExtension: 74ec83124a68891619fb7ba9c5c811bbf1691076
  MJRefresh: ee5b68f639775462faba4db0fd243baf4d42c2cf
  SDCycleScrollView: b3c9a5ed840c771c4938978174c7c9d9feefeb96
  SDWebImage: 920f1a2ff1ca8296ad34f6e0510a1ef1d70ac965
  TZImagePickerController: bf4c57b98d8707fce41ea6be872414a71c7a8c9d
  UMCCommon: c9637200488c482b30cdebebb0bd595b9adf0847
  UMCSecurityPlugins: 0831a08f3988f3cea9f1d3a7626cd9bee4fef150
  UMCShare: e0cef55c0fd6051254c8cda1d0630eb578b27bad
  YTKNetwork: df8a7a5597bda1664a4efaa7ef871a818a887fe0

PODFILE CHECKSUM: f84132fe5aca8a8c61955870a59cd5936779e704

COCOAPODS: 1.7.4
